// !$*UTF8*$!
{
	archiveVersion = 1;
	classes = {
	};
	objectVersion = 46;
	objects = {

/* Begin PBXBuildFile section */
		E65E644B1AF4A1CF006DAA42 /* 00.jpg in Resources */ = {isa = PBXBuildFile; fileRef = E65E64471AF4A1CF006DAA42 /* 00.jpg */; };
		E65E644C1AF4A1CF006DAA42 /* 01.jpg in Resources */ = {isa = PBXBuildFile; fileRef = E65E64481AF4A1CF006DAA42 /* 01.jpg */; };
		E65E644D1AF4A1CF006DAA42 /* 02.jpg in Resources */ = {isa = PBXBuildFile; fileRef = E65E64491AF4A1CF006DAA42 /* 02.jpg */; };
		E65E644E1AF4A1CF006DAA42 /* 03.jpg in Resources */ = {isa = PBXBuildFile; fileRef = E65E644A1AF4A1CF006DAA42 /* 03.jpg */; };
		E6CAFA551AF48DD0005DE6E4 /* main.m in Sources */ = {isa = PBXBuildFile; fileRef = E6CAFA541AF48DD0005DE6E4 /* main.m */; };
		E6CAFA581AF48DD0005DE6E4 /* AppDelegate.m in Sources */ = {isa = PBXBuildFile; fileRef = E6CAFA571AF48DD0005DE6E4 /* AppDelegate.m */; };
		E6CAFA5B1AF48DD0005DE6E4 /* ViewController.m in Sources */ = {isa = PBXBuildFile; fileRef = E6CAFA5A1AF48DD0005DE6E4 /* ViewController.m */; };
		E6CAFA5E1AF48DD0005DE6E4 /* Main.storyboard in Resources */ = {isa = PBXBuildFile; fileRef = E6CAFA5C1AF48DD0005DE6E4 /* Main.storyboard */; };
		E6CAFA601AF48DD0005DE6E4 /* Images.xcassets in Resources */ = {isa = PBXBuildFile; fileRef = E6CAFA5F1AF48DD0005DE6E4 /* Images.xcassets */; };
		E6CAFA631AF48DD0005DE6E4 /* LaunchScreen.xib in Resources */ = {isa = PBXBuildFile; fileRef = E6CAFA611AF48DD0005DE6E4 /* LaunchScreen.xib */; };
		E6CAFA6F1AF48DD0005DE6E4 /* PWInfiniteScrollViewTests.m in Sources */ = {isa = PBXBuildFile; fileRef = E6CAFA6E1AF48DD0005DE6E4 /* PWInfiniteScrollViewTests.m */; };
		E6CAFA7A1AF48DE4005DE6E4 /* PWInfiniteScrollView.m in Sources */ = {isa = PBXBuildFile; fileRef = E6CAFA791AF48DE4005DE6E4 /* PWInfiniteScrollView.m */; };
/* End PBXBuildFile section */

/* Begin PBXContainerItemProxy section */
		E6CAFA691AF48DD0005DE6E4 /* PBXContainerItemProxy */ = {
			isa = PBXContainerItemProxy;
			containerPortal = E6CAFA471AF48DD0005DE6E4 /* Project object */;
			proxyType = 1;
			remoteGlobalIDString = E6CAFA4E1AF48DD0005DE6E4;
			remoteInfo = PWInfiniteScrollView;
		};
/* End PBXContainerItemProxy section */

/* Begin PBXFileReference section */
		E65E64471AF4A1CF006DAA42 /* 00.jpg */ = {isa = PBXFileReference; lastKnownFileType = image.jpeg; path = 00.jpg; sourceTree = "<group>"; };
		E65E64481AF4A1CF006DAA42 /* 01.jpg */ = {isa = PBXFileReference; lastKnownFileType = image.jpeg; path = 01.jpg; sourceTree = "<group>"; };
		E65E64491AF4A1CF006DAA42 /* 02.jpg */ = {isa = PBXFileReference; lastKnownFileType = image.jpeg; path = 02.jpg; sourceTree = "<group>"; };
		E65E644A1AF4A1CF006DAA42 /* 03.jpg */ = {isa = PBXFileReference; lastKnownFileType = image.jpeg; path = 03.jpg; sourceTree = "<group>"; };
		E6CAFA4F1AF48DD0005DE6E4 /* PWInfiniteScrollView.app */ = {isa = PBXFileReference; explicitFileType = wrapper.application; includeInIndex = 0; path = PWInfiniteScrollView.app; sourceTree = BUILT_PRODUCTS_DIR; };
		E6CAFA531AF48DD0005DE6E4 /* Info.plist */ = {isa = PBXFileReference; lastKnownFileType = text.plist.xml; path = Info.plist; sourceTree = "<group>"; };
		E6CAFA541AF48DD0005DE6E4 /* main.m */ = {isa = PBXFileReference; lastKnownFileType = sourcecode.c.objc; path = main.m; sourceTree = "<group>"; };
		E6CAFA561AF48DD0005DE6E4 /* AppDelegate.h */ = {isa = PBXFileReference; lastKnownFileType = sourcecode.c.h; path = AppDelegate.h; sourceTree = "<group>"; };
		E6CAFA571AF48DD0005DE6E4 /* AppDelegate.m */ = {isa = PBXFileReference; lastKnownFileType = sourcecode.c.objc; path = AppDelegate.m; sourceTree = "<group>"; };
		E6CAFA591AF48DD0005DE6E4 /* ViewController.h */ = {isa = PBXFileReference; lastKnownFileType = sourcecode.c.h; path = ViewController.h; sourceTree = "<group>"; };
		E6CAFA5A1AF48DD0005DE6E4 /* ViewController.m */ = {isa = PBXFileReference; lastKnownFileType = sourcecode.c.objc; path = ViewController.m; sourceTree = "<group>"; };
		E6CAFA5D1AF48DD0005DE6E4 /* Base */ = {isa = PBXFileReference; lastKnownFileType = file.storyboard; name = Base; path = Base.lproj/Main.storyboard; sourceTree = "<group>"; };
		E6CAFA5F1AF48DD0005DE6E4 /* Images.xcassets */ = {isa = PBXFileReference; lastKnownFileType = folder.assetcatalog; path = Images.xcassets; sourceTree = "<group>"; };
		E6CAFA621AF48DD0005DE6E4 /* Base */ = {isa = PBXFileReference; lastKnownFileType = file.xib; name = Base; path = Base.lproj/LaunchScreen.xib; sourceTree = "<group>"; };
		E6CAFA681AF48DD0005DE6E4 /* PWInfiniteScrollViewTests.xctest */ = {isa = PBXFileReference; explicitFileType = wrapper.cfbundle; includeInIndex = 0; path = PWInfiniteScrollViewTests.xctest; sourceTree = BUILT_PRODUCTS_DIR; };
		E6CAFA6D1AF48DD0005DE6E4 /* Info.plist */ = {isa = PBXFileReference; lastKnownFileType = text.plist.xml; path = Info.plist; sourceTree = "<group>"; };
		E6CAFA6E1AF48DD0005DE6E4 /* PWInfiniteScrollViewTests.m */ = {isa = PBXFileReference; lastKnownFileType = sourcecode.c.objc; path = PWInfiniteScrollViewTests.m; sourceTree = "<group>"; };
		E6CAFA781AF48DE4005DE6E4 /* PWInfiniteScrollView.h */ = {isa = PBXFileReference; fileEncoding = 4; lastKnownFileType = sourcecode.c.h; path = PWInfiniteScrollView.h; sourceTree = "<group>"; };
		E6CAFA791AF48DE4005DE6E4 /* PWInfiniteScrollView.m */ = {isa = PBXFileReference; fileEncoding = 4; lastKnownFileType = sourcecode.c.objc; path = PWInfiniteScrollView.m; sourceTree = "<group>"; };
/* End PBXFileReference section */

/* Begin PBXFrameworksBuildPhase section */
		E6CAFA4C1AF48DD0005DE6E4 /* Frameworks */ = {
			isa = PBXFrameworksBuildPhase;
			buildActionMask = 2147483647;
			files = (
			);
			runOnlyForDeploymentPostprocessing = 0;
		};
		E6CAFA651AF48DD0005DE6E4 /* Frameworks */ = {
			isa = PBXFrameworksBuildPhase;
			buildActionMask = 2147483647;
			files = (
			);
			runOnlyForDeploymentPostprocessing = 0;
		};
/* End PBXFrameworksBuildPhase section */

/* Begin PBXGroup section */
		E6CAFA461AF48DD0005DE6E4 = {
			isa = PBXGroup;
			children = (
				E6CAFA511AF48DD0005DE6E4 /* PWInfiniteScrollView */,
				E6CAFA6B1AF48DD0005DE6E4 /* PWInfiniteScrollViewTests */,
				E6CAFA501AF48DD0005DE6E4 /* Products */,
			);
			sourceTree = "<group>";
		};
		E6CAFA501AF48DD0005DE6E4 /* Products */ = {
			isa = PBXGroup;
			children = (
				E6CAFA4F1AF48DD0005DE6E4 /* PWInfiniteScrollView.app */,
				E6CAFA681AF48DD0005DE6E4 /* PWInfiniteScrollViewTests.xctest */,
			);
			name = Products;
			sourceTree = "<group>";
		};
		E6CAFA511AF48DD0005DE6E4 /* PWInfiniteScrollView */ = {
			isa = PBXGroup;
			children = (
				E6CAFA561AF48DD0005DE6E4 /* AppDelegate.h */,
				E6CAFA571AF48DD0005DE6E4 /* AppDelegate.m */,
				E6CAFA591AF48DD0005DE6E4 /* ViewController.h */,
				E6CAFA5A1AF48DD0005DE6E4 /* ViewController.m */,
				E6CAFA781AF48DE4005DE6E4 /* PWInfiniteScrollView.h */,
				E6CAFA791AF48DE4005DE6E4 /* PWInfiniteScrollView.m */,
				E6CAFA5C1AF48DD0005DE6E4 /* Main.storyboard */,
				E6CAFA5F1AF48DD0005DE6E4 /* Images.xcassets */,
				E6CAFA611AF48DD0005DE6E4 /* LaunchScreen.xib */,
				E6CAFA521AF48DD0005DE6E4 /* Supporting Files */,
			);
			path = PWInfiniteScrollView;
			sourceTree = "<group>";
		};
		E6CAFA521AF48DD0005DE6E4 /* Supporting Files */ = {
			isa = PBXGroup;
			children = (
				E65E64471AF4A1CF006DAA42 /* 00.jpg */,
				E65E64481AF4A1CF006DAA42 /* 01.jpg */,
				E65E64491AF4A1CF006DAA42 /* 02.jpg */,
				E65E644A1AF4A1CF006DAA42 /* 03.jpg */,
				E6CAFA531AF48DD0005DE6E4 /* Info.plist */,
				E6CAFA541AF48DD0005DE6E4 /* main.m */,
			);
			name = "Supporting Files";
			sourceTree = "<group>";
		};
		E6CAFA6B1AF48DD0005DE6E4 /* PWInfiniteScrollViewTests */ = {
			isa = PBXGroup;
			children = (
				E6CAFA6E1AF48DD0005DE6E4 /* PWInfiniteScrollViewTests.m */,
				E6CAFA6C1AF48DD0005DE6E4 /* Supporting Files */,
			);
			path = PWInfiniteScrollViewTests;
			sourceTree = "<group>";
		};
		E6CAFA6C1AF48DD0005DE6E4 /* Supporting Files */ = {
			isa = PBXGroup;
			children = (
				E6CAFA6D1AF48DD0005DE6E4 /* Info.plist */,
			);
			name = "Supporting Files";
			sourceTree = "<group>";
		};
/* End PBXGroup section */

/* Begin PBXNativeTarget section */
		E6CAFA4E1AF48DD0005DE6E4 /* PWInfiniteScrollView */ = {
			isa = PBXNativeTarget;
			buildConfigurationList = E6CAFA721AF48DD0005DE6E4 /* Build configuration list for PBXNativeTarget "PWInfiniteScrollView" */;
			buildPhases = (
				E6CAFA4B1AF48DD0005DE6E4 /* Sources */,
				E6CAFA4C1AF48DD0005DE6E4 /* Frameworks */,
				E6CAFA4D1AF48DD0005DE6E4 /* Resources */,
			);
			buildRules = (
			);
			dependencies = (
			);
			name = PWInfiniteScrollView;
			productName = PWInfiniteScrollView;
			productReference = E6CAFA4F1AF48DD0005DE6E4 /* PWInfiniteScrollView.app */;
			productType = "com.apple.product-type.application";
		};
		E6CAFA671AF48DD0005DE6E4 /* PWInfiniteScrollViewTests */ = {
			isa = PBXNativeTarget;
			buildConfigurationList = E6CAFA751AF48DD0005DE6E4 /* Build configuration list for PBXNativeTarget "PWInfiniteScrollViewTests" */;
			buildPhases = (
				E6CAFA641AF48DD0005DE6E4 /* Sources */,
				E6CAFA651AF48DD0005DE6E4 /* Frameworks */,
				E6CAFA661AF48DD0005DE6E4 /* Resources */,
			);
			buildRules = (
			);
			dependencies = (
				E6CAFA6A1AF48DD0005DE6E4 /* PBXTargetDependency */,
			);
			name = PWInfiniteScrollViewTests;
			productName = PWInfiniteScrollViewTests;
			productReference = E6CAFA681AF48DD0005DE6E4 /* PWInfiniteScrollViewTests.xctest */;
			productType = "com.apple.product-type.bundle.unit-test";
		};
/* End PBXNativeTarget section */

/* Begin PBXProject section */
		E6CAFA471AF48DD0005DE6E4 /* Project object */ = {
			isa = PBXProject;
			attributes = {
				LastUpgradeCheck = 0610;
				ORGANIZATIONNAME = TonyZPW;
				TargetAttributes = {
					E6CAFA4E1AF48DD0005DE6E4 = {
						CreatedOnToolsVersion = 6.1;
					};
					E6CAFA671AF48DD0005DE6E4 = {
						CreatedOnToolsVersion = 6.1;
						TestTargetID = E6CAFA4E1AF48DD0005DE6E4;
					};
				};
			};
			buildConfigurationList = E6CAFA4A1AF48DD0005DE6E4 /* Build configuration list for PBXProject "PWInfiniteScrollView" */;
			compatibilityVersion = "Xcode 3.2";
			developmentRegion = English;
			hasScannedForEncodings = 0;
			knownRegions = (
				en,
				Base,
			);
			mainGroup = E6CAFA461AF48DD0005DE6E4;
			productRefGroup = E6CAFA501AF48DD0005DE6E4 /* Products */;
			projectDirPath = "";
			projectRoot = "";
			targets = (
				E6CAFA4E1AF48DD0005DE6E4 /* PWInfiniteScrollView */,
				E6CAFA671AF48DD0005DE6E4 /* PWInfiniteScrollViewTests */,
			);
		};
/* End PBXProject section */

/* Begin PBXResourcesBuildPhase section */
		E6CAFA4D1AF48DD0005DE6E4 /* Resources */ = {
			isa = PBXResourcesBuildPhase;
			buildActionMask = 2147483647;
			files = (
				E65E644E1AF4A1CF006DAA42 /* 03.jpg in Resources */,
				E65E644C1AF4A1CF006DAA42 /* 01.jpg in Resources */,
				E65E644D1AF4A1CF006DAA42 /* 02.jpg in Resources */,
				E6CAFA5E1AF48DD0005DE6E4 /* Main.storyboard in Resources */,
				E65E644B1AF4A1CF006DAA42 /* 00.jpg in Resources */,
				E6CAFA631AF48DD0005DE6E4 /* LaunchScreen.xib in Resources */,
				E6CAFA601AF48DD0005DE6E4 /* Images.xcassets in Resources */,
			);
			runOnlyForDeploymentPostprocessing = 0;
		};
		E6CAFA661AF48DD0005DE6E4 /* Resources */ = {
			isa = PBXResourcesBuildPhase;
			buildActionMask = 2147483647;
			files = (
			);
			runOnlyForDeploymentPostprocessing = 0;
		};
/* End PBXResourcesBuildPhase section */

/* Begin PBXSourcesBuildPhase section */
		E6CAFA4B1AF48DD0005DE6E4 /* Sources */ = {
			isa = PBXSourcesBuildPhase;
			buildActionMask = 2147483647;
			files = (
				E6CAFA7A1AF48DE4005DE6E4 /* PWInfiniteScrollView.m in Sources */,
				E6CAFA5B1AF48DD0005DE6E4 /* ViewController.m in Sources */,
				E6CAFA581AF48DD0005DE6E4 /* AppDelegate.m in Sources */,
				E6CAFA551AF48DD0005DE6E4 /* main.m in Sources */,
			);
			runOnlyForDeploymentPostprocessing = 0;
		};
		E6CAFA641AF48DD0005DE6E4 /* Sources */ = {
			isa = PBXSourcesBuildPhase;
			buildActionMask = 2147483647;
			files = (
				E6CAFA6F1AF48DD0005DE6E4 /* PWInfiniteScrollViewTests.m in Sources */,
			);
			runOnlyForDeploymentPostprocessing = 0;
		};
/* End PBXSourcesBuildPhase section */

/* Begin PBXTargetDependency section */
		E6CAFA6A1AF48DD0005DE6E4 /* PBXTargetDependency */ = {
			isa = PBXTargetDependency;
			target = E6CAFA4E1AF48DD0005DE6E4 /* PWInfiniteScrollView */;
			targetProxy = E6CAFA691AF48DD0005DE6E4 /* PBXContainerItemProxy */;
		};
/* End PBXTargetDependency section */

/* Begin PBXVariantGroup section */
		E6CAFA5C1AF48DD0005DE6E4 /* Main.storyboard */ = {
			isa = PBXVariantGroup;
			children = (
				E6CAFA5D1AF48DD0005DE6E4 /* Base */,
			);
			name = Main.storyboard;
			sourceTree = "<group>";
		};
		E6CAFA611AF48DD0005DE6E4 /* LaunchScreen.xib */ = {
			isa = PBXVariantGroup;
			children = (
				E6CAFA621AF48DD0005DE6E4 /* Base */,
			);
			name = LaunchScreen.xib;
			sourceTree = "<group>";
		};
/* End PBXVariantGroup section */

/* Begin XCBuildConfiguration section */
		E6CAFA701AF48DD0005DE6E4 /* Debug */ = {
			isa = XCBuildConfiguration;
			buildSettings = {
				ALWAYS_SEARCH_USER_PATHS = NO;
				CLANG_CXX_LANGUAGE_STANDARD = "gnu++0x";
				CLANG_CXX_LIBRARY = "libc++";
				CLANG_ENABLE_MODULES = YES;
				CLANG_ENABLE_OBJC_ARC = YES;
				CLANG_WARN_BOOL_CONVERSION = YES;
				CLANG_WARN_CONSTANT_CONVERSION = YES;
				CLANG_WARN_DIRECT_OBJC_ISA_USAGE = YES_ERROR;
				CLANG_WARN_EMPTY_BODY = YES;
				CLANG_WARN_ENUM_CONVERSION = YES;
				CLANG_WARN_INT_CONVERSION = YES;
				CLANG_WARN_OBJC_ROOT_CLASS = YES_ERROR;
				CLANG_WARN_UNREACHABLE_CODE = YES;
				CLANG_WARN__DUPLICATE_METHOD_MATCH = YES;
				"CODE_SIGN_IDENTITY[sdk=iphoneos*]" = "iPhone Developer";
				COPY_PHASE_STRIP = NO;
				ENABLE_STRICT_OBJC_MSGSEND = YES;
				GCC_C_LANGUAGE_STANDARD = gnu99;
				GCC_DYNAMIC_NO_PIC = NO;
				GCC_OPTIMIZATION_LEVEL = 0;
				GCC_PREPROCESSOR_DEFINITIONS = (
					"DEBUG=1",
					"$(inherited)",
				);
				GCC_SYMBOLS_PRIVATE_EXTERN = NO;
				GCC_WARN_64_TO_32_BIT_CONVERSION = YES;
				GCC_WARN_ABOUT_RETURN_TYPE = YES_ERROR;
				GCC_WARN_UNDECLARED_SELECTOR = YES;
				GCC_WARN_UNINITIALIZED_AUTOS = YES_AGGRESSIVE;
				GCC_WARN_UNUSED_FUNCTION = YES;
				GCC_WARN_UNUSED_VARIABLE = YES;
				IPHONEOS_DEPLOYMENT_TARGET = 8.1;
				MTL_ENABLE_DEBUG_INFO = YES;
				ONLY_ACTIVE_ARCH = YES;
				SDKROOT = iphoneos;
			};
			name = Debug;
		};
		E6CAFA711AF48DD0005DE6E4 /* Release */ = {
			isa = XCBuildConfiguration;
			buildSettings = {
				ALWAYS_SEARCH_USER_PATHS = NO;
				CLANG_CXX_LANGUAGE_STANDARD = "gnu++0x";
				CLANG_CXX_LIBRARY = "libc++";
				CLANG_ENABLE_MODULES = YES;
				CLANG_ENABLE_OBJC_ARC = YES;
				CLANG_WARN_BOOL_CONVERSION = YES;
				CLANG_WARN_CONSTANT_CONVERSION = YES;
				CLANG_WARN_DIRECT_OBJC_ISA_USAGE = YES_ERROR;
				CLANG_WARN_EMPTY_BODY = YES;
				CLANG_WARN_ENUM_CONVERSION = YES;
				CLANG_WARN_INT_CONVERSION = YES;
				CLANG_WARN_OBJC_ROOT_CLASS = YES_ERROR;
				CLANG_WARN_UNREACHABLE_CODE = YES;
				CLANG_WARN__DUPLICATE_METHOD_MATCH = YES;
				"CODE_SIGN_IDENTITY[sdk=iphoneos*]" = "iPhone Developer";
				COPY_PHASE_STRIP = YES;
				ENABLE_NS_ASSERTIONS = NO;
				ENABLE_STRICT_OBJC_MSGSEND = YES;
				GCC_C_LANGUAGE_STANDARD = gnu99;
				GCC_WARN_64_TO_32_BIT_CONVERSION = YES;
				GCC_WARN_ABOUT_RETURN_TYPE = YES_ERROR;
				GCC_WARN_UNDECLARED_SELECTOR = YES;
				GCC_WARN_UNINITIALIZED_AUTOS = YES_AGGRESSIVE;
				GCC_WARN_UNUSED_FUNCTION = YES;
				GCC_WARN_UNUSED_VARIABLE = YES;
				IPHONEOS_DEPLOYMENT_TARGET = 8.1;
				MTL_ENABLE_DEBUG_INFO = NO;
				SDKROOT = iphoneos;
				VALIDATE_PRODUCT = YES;
			};
			name = Release;
		};
		E6CAFA731AF48DD0005DE6E4 /* Debug */ = {
			isa = XCBuildConfiguration;
			buildSettings = {
				ASSETCATALOG_COMPILER_APPICON_NAME = AppIcon;
				INFOPLIST_FILE = PWInfiniteScrollView/Info.plist;
				LD_RUNPATH_SEARCH_PATHS = "$(inherited) @executable_path/Frameworks";
				PRODUCT_NAME = "$(TARGET_NAME)";
			};
			name = Debug;
		};
		E6CAFA741AF48DD0005DE6E4 /* Release */ = {
			isa = XCBuildConfiguration;
			buildSettings = {
				ASSETCATALOG_COMPILER_APPICON_NAME = AppIcon;
				INFOPLIST_FILE = PWInfiniteScrollView/Info.plist;
				LD_RUNPATH_SEARCH_PATHS = "$(inherited) @executable_path/Frameworks";
				PRODUCT_NAME = "$(TARGET_NAME)";
			};
			name = Release;
		};
		E6CAFA761AF48DD0005DE6E4 /* Debug */ = {
			isa = XCBuildConfiguration;
			buildSettings = {
				BUNDLE_LOADER = "$(TEST_HOST)";
				FRAMEWORK_SEARCH_PATHS = (
					"$(SDKROOT)/Developer/Library/Frameworks",
					"$(inherited)",
				);
				GCC_PREPROCESSOR_DEFINITIONS = (
					"DEBUG=1",
					"$(inherited)",
				);
				INFOPLIST_FILE = PWInfiniteScrollViewTests/Info.plist;
				LD_RUNPATH_SEARCH_PATHS = "$(inherited) @executable_path/Frameworks @loader_path/Frameworks";
				PRODUCT_NAME = "$(TARGET_NAME)";
				TEST_HOST = "$(BUILT_PRODUCTS_DIR)/PWInfiniteScrollView.app/PWInfiniteScrollView";
			};
			name = Debug;
		};
		E6CAFA771AF48DD0005DE6E4 /* Release */ = {
			isa = XCBuildConfiguration;
			buildSettings = {
				BUNDLE_LOADER = "$(TEST_HOST)";
				FRAMEWORK_SEARCH_PATHS = (
					"$(SDKROOT)/Developer/Library/Frameworks",
					"$(inherited)",
				);
				INFOPLIST_FILE = PWInfiniteScrollViewTests/Info.plist;
				LD_RUNPATH_SEARCH_PATHS = "$(inherited) @executable_path/Frameworks @loader_path/Frameworks";
				PRODUCT_NAME = "$(TARGET_NAME)";
				TEST_HOST = "$(BUILT_PRODUCTS_DIR)/PWInfiniteScrollView.app/PWInfiniteScrollView";
			};
			name = Release;
		};
/* End XCBuildConfiguration section */

/* Begin XCConfigurationList section */
		E6CAFA4A1AF48DD0005DE6E4 /* Build configuration list for PBXProject "PWInfiniteScrollView" */ = {
			isa = XCConfigurationList;
			buildConfigurations = (
				E6CAFA701AF48DD0005DE6E4 /* Debug */,
				E6CAFA711AF48DD0005DE6E4 /* Release */,
			);
			defaultConfigurationIsVisible = 0;
			defaultConfigurationName = Release;
		};
		E6CAFA721AF48DD0005DE6E4 /* Build configuration list for PBXNativeTarget "PWInfiniteScrollView" */ = {
			isa = XCConfigurationList;
			buildConfigurations = (
				E6CAFA731AF48DD0005DE6E4 /* Debug */,
				E6CAFA741AF48DD0005DE6E4 /* Release */,
			);
			defaultConfigurationIsVisible = 0;
			defaultConfigurationName = Release;
		};
		E6CAFA751AF48DD0005DE6E4 /* Build configuration list for PBXNativeTarget "PWInfiniteScrollViewTests" */ = {
			isa = XCConfigurationList;
			buildConfigurations = (
				E6CAFA761AF48DD0005DE6E4 /* Debug */,
				E6CAFA771AF48DD0005DE6E4 /* Release */,
			);
			defaultConfigurationIsVisible = 0;
			defaultConfigurationName = Release;
		};
/* End XCConfigurationList section */
	};
	rootObject = E6CAFA471AF48DD0005DE6E4 /* Project object */;
}
